
Microsoft Visual Studio Solution File, Format Version 12.00
# Visual Studio 2013
VisualStudioVersion = 12.0.31101.0
MinimumVisualStudioVersion = 10.0.40219.1
Project("{CC5FD16D-436D-48AD-A40C-5A424C6E3E79}") = "GuestBook", "GuestBook\GuestBook.ccproj", "{330C7AED-9009-4CC8-A56A-989E23F487B2}"
EndProject
Project("{FAE04EC0-301F-11D3-BF4B-00C04F79EFBC}") = "GuestBook_WebRole", "GuestBook_WebRole\GuestBook_WebRole.csproj", "{41378974-8E66-43BF-878C-B738C18962D9}"
EndProject
Project("{FAE04EC0-301F-11D3-BF4B-00C04F79EFBC}") = "GuestBook_Data", "GuestBook_Data\GuestBook_Data.csproj", "{B98597AD-EAF1-4482-9DFC-238D01AD1B37}"
EndProject
Global
	GlobalSection(SolutionConfigurationPlatforms) = preSolution
		Debug|Any CPU = Debug|Any CPU
		Release|Any CPU = Release|Any CPU
	EndGlobalSection
	GlobalSection(ProjectConfigurationPlatforms) = postSolution
		{330C7AED-9009-4CC8-A56A-989E23F487B2}.Debug|Any CPU.ActiveCfg = Debug|Any CPU
		{330C7AED-9009-4CC8-A56A-989E23F487B2}.Debug|Any CPU.Build.0 = Debug|Any CPU
		{330C7AED-9009-4CC8-A56A-989E23F487B2}.Release|Any CPU.ActiveCfg = Release|Any CPU
		{330C7AED-9009-4CC8-A56A-989E23F487B2}.Release|Any CPU.Build.0 = Release|Any CPU
		{41378974-8E66-43BF-878C-B738C18962D9}.Debug|Any CPU.ActiveCfg = Debug|Any CPU
		{41378974-8E66-43BF-878C-B738C18962D9}.Debug|Any CPU.Build.0 = Debug|Any CPU
		{41378974-8E66-43BF-878C-B738C18962D9}.Release|Any CPU.ActiveCfg = Release|Any CPU
		{41378974-8E66-43BF-878C-B738C18962D9}.Release|Any CPU.Build.0 = Release|Any CPU
		{B98597AD-EAF1-4482-9DFC-238D01AD1B37}.Debug|Any CPU.ActiveCfg = Debug|Any CPU
		{B98597AD-EAF1-4482-9DFC-238D01AD1B37}.Debug|Any CPU.Build.0 = Debug|Any CPU
		{B98597AD-EAF1-4482-9DFC-238D01AD1B37}.Release|Any CPU.ActiveCfg = Release|Any CPU
		{B98597AD-EAF1-4482-9DFC-238D01AD1B37}.Release|Any CPU.Build.0 = Release|Any CPU
	EndGlobalSection
	GlobalSection(SolutionProperties) = preSolution
		HideSolutionNode = FALSE
	EndGlobalSection
EndGlobal
